
Microsoft Visual Studio Solution File, Format Version 12.00
# Visual Studio Version 16
VisualStudioVersion = 16.0.29609.76
MinimumVisualStudioVersion = 10.0.40219.1
Project("{9A19103F-16F7-4668-BE54-9A1E7A4F7556}") = "WingsOn.Domain", "WingsOn.Domain\WingsOn.Domain.csproj", "{8527E815-7327-483E-BD4E-72F0C47A3B1D}"
EndProject
Project("{9A19103F-16F7-4668-BE54-9A1E7A4F7556}") = "WingsOn.Dal", "WingsOn.Dal\WingsOn.Dal.csproj", "{9C9BEC6F-AA5F-4D06-9ED3-BFF5BE68231A}"
EndProject
Project("{FAE04EC0-301F-11D3-BF4B-00C04F79EFBC}") = "WingsOn.Api", "WingsOn.Api\WingsOn.Api.csproj", "{71DCF56E-DB1D-42AE-8787-7D1E8DD641CF}"
EndProject
Global
	GlobalSection(SolutionConfigurationPlatforms) = preSolution
		Debug|Any CPU = Debug|Any CPU
		Release|Any CPU = Release|Any CPU
	EndGlobalSection
	GlobalSection(ProjectConfigurationPlatforms) = postSolution
		{8527E815-7327-483E-BD4E-72F0C47A3B1D}.Debug|Any CPU.ActiveCfg = Debug|Any CPU
		{8527E815-7327-483E-BD4E-72F0C47A3B1D}.Debug|Any CPU.Build.0 = Debug|Any CPU
		{8527E815-7327-483E-BD4E-72F0C47A3B1D}.Release|Any CPU.ActiveCfg = Release|Any CPU
		{8527E815-7327-483E-BD4E-72F0C47A3B1D}.Release|Any CPU.Build.0 = Release|Any CPU
		{9C9BEC6F-AA5F-4D06-9ED3-BFF5BE68231A}.Debug|Any CPU.ActiveCfg = Debug|Any CPU
		{9C9BEC6F-AA5F-4D06-9ED3-BFF5BE68231A}.Debug|Any CPU.Build.0 = Debug|Any CPU
		{9C9BEC6F-AA5F-4D06-9ED3-BFF5BE68231A}.Release|Any CPU.ActiveCfg = Release|Any CPU
		{9C9BEC6F-AA5F-4D06-9ED3-BFF5BE68231A}.Release|Any CPU.Build.0 = Release|Any CPU
		{71DCF56E-DB1D-42AE-8787-7D1E8DD641CF}.Debug|Any CPU.ActiveCfg = Debug|Any CPU
		{71DCF56E-DB1D-42AE-8787-7D1E8DD641CF}.Debug|Any CPU.Build.0 = Debug|Any CPU
		{71DCF56E-DB1D-42AE-8787-7D1E8DD641CF}.Release|Any CPU.ActiveCfg = Release|Any CPU
		{71DCF56E-DB1D-42AE-8787-7D1E8DD641CF}.Release|Any CPU.Build.0 = Release|Any CPU
	EndGlobalSection
	GlobalSection(SolutionProperties) = preSolution
		HideSolutionNode = FALSE
	EndGlobalSection
	GlobalSection(ExtensibilityGlobals) = postSolution
		SolutionGuid = {5603B90C-1BB1-43C5-B57D-B5F54CB21EF8}
	EndGlobalSection
EndGlobal
